
Microsoft Visual Studio Solution File, Format Version 12.00
# Visual Studio Version 17
VisualStudioVersion = 17.4.33110.190
MinimumVisualStudioVersion = 10.0.40219.1
Project("{FAE04EC0-301F-11D3-BF4B-00C04F79EFBC}") = "PreInscripcionesAPI", "PreInscripcionesAPI\PreInscripcionesAPI.csproj", "{84396CE9-4769-4442-8B66-2CF24BF75C40}"
EndProject
Global
	GlobalSection(SolutionConfigurationPlatforms) = preSolution
		Debug|Any CPU = Debug|Any CPU
		Release|Any CPU = Release|Any CPU
	EndGlobalSection
	GlobalSection(ProjectConfigurationPlatforms) = postSolution
		{84396CE9-4769-4442-8B66-2CF24BF75C40}.Debug|Any CPU.ActiveCfg = Debug|Any CPU
		{84396CE9-4769-4442-8B66-2CF24BF75C40}.Debug|Any CPU.Build.0 = Debug|Any CPU
		{84396CE9-4769-4442-8B66-2CF24BF75C40}.Release|Any CPU.ActiveCfg = Release|Any CPU
		{84396CE9-4769-4442-8B66-2CF24BF75C40}.Release|Any CPU.Build.0 = Release|Any CPU
	EndGlobalSection
	GlobalSection(SolutionProperties) = preSolution
		HideSolutionNode = FALSE
	EndGlobalSection
	GlobalSection(ExtensibilityGlobals) = postSolution
		SolutionGuid = {8D9E6216-891E-47B2-BD53-C84A1FE902F7}
	EndGlobalSection
EndGlobal
